
Microsoft Visual Studio Solution File, Format Version 12.00
# Visual Studio Version 17
VisualStudioVersion = 17.3.32811.315
MinimumVisualStudioVersion = 10.0.40219.1
Project("{FAE04EC0-301F-11D3-BF4B-00C04F79EFBC}") = "IniFIleEditor", "IniFIleEditor\IniFIleEditor.csproj", "{D0D59049-A036-40AC-BFA5-D3FF466474CB}"
EndProject
Global
	GlobalSection(SolutionConfigurationPlatforms) = preSolution
		Debug|Any CPU = Debug|Any CPU
		Release|Any CPU = Release|Any CPU
	EndGlobalSection
	GlobalSection(ProjectConfigurationPlatforms) = postSolution
		{D0D59049-A036-40AC-BFA5-D3FF466474CB}.Debug|Any CPU.ActiveCfg = Debug|Any CPU
		{D0D59049-A036-40AC-BFA5-D3FF466474CB}.Debug|Any CPU.Build.0 = Debug|Any CPU
		{D0D59049-A036-40AC-BFA5-D3FF466474CB}.Release|Any CPU.ActiveCfg = Release|Any CPU
		{D0D59049-A036-40AC-BFA5-D3FF466474CB}.Release|Any CPU.Build.0 = Release|Any CPU
	EndGlobalSection
	GlobalSection(SolutionProperties) = preSolution
		HideSolutionNode = FALSE
	EndGlobalSection
	GlobalSection(ExtensibilityGlobals) = postSolution
		SolutionGuid = {BE2E137B-EED3-4E2B-B2E5-108C3AA68766}
	EndGlobalSection
EndGlobal
